
Microsoft Visual Studio Solution File, Format Version 12.00
# Visual Studio 2012
Project("{FAE04EC0-301F-11D3-BF4B-00C04F79EFBC}") = "DevelopmentWithADot.EntityFrameworkRules", "DevelopmentWithADot.EntityFrameworkRules\DevelopmentWithADot.EntityFrameworkRules.csproj", "{EEBDA4BE-F46D-462F-93EF-A74D4E198011}"
EndProject
Global
	GlobalSection(SolutionConfigurationPlatforms) = preSolution
		Debug|Any CPU = Debug|Any CPU
		Release|Any CPU = Release|Any CPU
	EndGlobalSection
	GlobalSection(ProjectConfigurationPlatforms) = postSolution
		{EEBDA4BE-F46D-462F-93EF-A74D4E198011}.Debug|Any CPU.ActiveCfg = Debug|Any CPU
		{EEBDA4BE-F46D-462F-93EF-A74D4E198011}.Debug|Any CPU.Build.0 = Debug|Any CPU
		{EEBDA4BE-F46D-462F-93EF-A74D4E198011}.Release|Any CPU.ActiveCfg = Release|Any CPU
		{EEBDA4BE-F46D-462F-93EF-A74D4E198011}.Release|Any CPU.Build.0 = Release|Any CPU
	EndGlobalSection
	GlobalSection(SolutionProperties) = preSolution
		HideSolutionNode = FALSE
	EndGlobalSection
EndGlobal
